// !$*UTF8*$!
{
	archiveVersion = 1;
	classes = {
	};
	objectVersion = 77;
	objects = {

/* Begin PBXBuildFile section */
		01744395373BF734FD123285 /* TaskItem.swift in Sources */ = {isa = PBXBuildFile; fileRef = C84904FC4FD60834E858CFE2 /* TaskItem.swift */; };
		1FCB5578257954D69BAD9B08 /* FloatingPanel.swift in Sources */ = {isa = PBXBuildFile; fileRef = 6779C46C9A5F55D32464EF53 /* FloatingPanel.swift */; };
		31F031F14514DDD10F7D3D1B /* GroTaskApp.swift in Sources */ = {isa = PBXBuildFile; fileRef = 987CDF5FEBF76393A6F009E7 /* GroTaskApp.swift */; };
		3C28BE3C5973837A19537538 /* Assets.xcassets in Resources */ = {isa = PBXBuildFile; fileRef = E393D8D9937DA1CFFF018112 /* Assets.xcassets */; };
		46AFEBAAD5EB9C3616DFF268 /* TaskPopoverView.swift in Sources */ = {isa = PBXBuildFile; fileRef = 7F33CA493759F38D7DDBA11C /* TaskPopoverView.swift */; };
		4C4DCE848364F91095F115C6 /* GroTask.xcdatamodeld in Sources */ = {isa = PBXBuildFile; fileRef = D2A92B7A69EAAF6122D71611 /* GroTask.xcdatamodeld */; };
		4D323EA46F760123F4A1309A /* TaskStore.swift in Sources */ = {isa = PBXBuildFile; fileRef = 6A8827D1C32300857B3493AE /* TaskStore.swift */; };
		5BFEEF475586ADACFF12E364 /* TaskRowView.swift in Sources */ = {isa = PBXBuildFile; fileRef = 997CC809292CBE298873BED7 /* TaskRowView.swift */; };
		654D47EFFBDED3E0B41FB273 /* TaskStoreTests.swift in Sources */ = {isa = PBXBuildFile; fileRef = DF51E471AB34D7C991846503 /* TaskStoreTests.swift */; };
		6A6655A85E514F694CDC6BDF /* TaskItemTests.swift in Sources */ = {isa = PBXBuildFile; fileRef = 2141248232CADE602127871F /* TaskItemTests.swift */; };
		7B2F81D811A887596C731799 /* PersistenceController.swift in Sources */ = {isa = PBXBuildFile; fileRef = 38986F812FFD0CDDD8448612 /* PersistenceController.swift */; };
		AEF04906BDC6E7B5605A3EA9 /* TaskItemEntity.swift in Sources */ = {isa = PBXBuildFile; fileRef = B14A231275670B1AA533834C /* TaskItemEntity.swift */; };
		CE3A7FCC58984CE486357C66 /* PersistenceControllerTests.swift in Sources */ = {isa = PBXBuildFile; fileRef = 5143B0F47915EDF9F207340F /* PersistenceControllerTests.swift */; };
/* End PBXBuildFile section */

/* Begin PBXContainerItemProxy section */
		8B5C54B51B464436B713224B /* PBXContainerItemProxy */ = {
			isa = PBXContainerItemProxy;
			containerPortal = 27EBD471BAEFEA73C3439FDA /* Project object */;
			proxyType = 1;
			remoteGlobalIDString = 2A66F0F0530D2B2414E8CF94;
			remoteInfo = GroTask;
		};
/* End PBXContainerItemProxy section */

/* Begin PBXFileReference section */
		2141248232CADE602127871F /* TaskItemTests.swift */ = {isa = PBXFileReference; lastKnownFileType = sourcecode.swift; path = TaskItemTests.swift; sourceTree = "<group>"; };
		38986F812FFD0CDDD8448612 /* PersistenceController.swift */ = {isa = PBXFileReference; lastKnownFileType = sourcecode.swift; path = PersistenceController.swift; sourceTree = "<group>"; };
		3DE3F077CD6119E2333F36E7 /* Info.plist */ = {isa = PBXFileReference; lastKnownFileType = text.plist; path = Info.plist; sourceTree = "<group>"; };
		5143B0F47915EDF9F207340F /* PersistenceControllerTests.swift */ = {isa = PBXFileReference; lastKnownFileType = sourcecode.swift; path = PersistenceControllerTests.swift; sourceTree = "<group>"; };
		5A0CA729E53B118C5BDEC4E4 /* GroTaskTests.xctest */ = {isa = PBXFileReference; explicitFileType = wrapper.cfbundle; includeInIndex = 0; path = GroTaskTests.xctest; sourceTree = BUILT_PRODUCTS_DIR; };
		6779C46C9A5F55D32464EF53 /* FloatingPanel.swift */ = {isa = PBXFileReference; lastKnownFileType = sourcecode.swift; path = FloatingPanel.swift; sourceTree = "<group>"; };
		6A8827D1C32300857B3493AE /* TaskStore.swift */ = {isa = PBXFileReference; lastKnownFileType = sourcecode.swift; path = TaskStore.swift; sourceTree = "<group>"; };
		7F33CA493759F38D7DDBA11C /* TaskPopoverView.swift */ = {isa = PBXFileReference; lastKnownFileType = sourcecode.swift; path = TaskPopoverView.swift; sourceTree = "<group>"; };
		987CDF5FEBF76393A6F009E7 /* GroTaskApp.swift */ = {isa = PBXFileReference; lastKnownFileType = sourcecode.swift; path = GroTaskApp.swift; sourceTree = "<group>"; };
		997CC809292CBE298873BED7 /* TaskRowView.swift */ = {isa = PBXFileReference; lastKnownFileType = sourcecode.swift; path = TaskRowView.swift; sourceTree = "<group>"; };
		B14A231275670B1AA533834C /* TaskItemEntity.swift */ = {isa = PBXFileReference; lastKnownFileType = sourcecode.swift; path = TaskItemEntity.swift; sourceTree = "<group>"; };
		C81785A94AA146C40B74A443 /* GroTask.entitlements */ = {isa = PBXFileReference; lastKnownFileType = text.plist.entitlements; path = GroTask.entitlements; sourceTree = "<group>"; };
		C84904FC4FD60834E858CFE2 /* TaskItem.swift */ = {isa = PBXFileReference; lastKnownFileType = sourcecode.swift; path = TaskItem.swift; sourceTree = "<group>"; };
		DF51E471AB34D7C991846503 /* TaskStoreTests.swift */ = {isa = PBXFileReference; lastKnownFileType = sourcecode.swift; path = TaskStoreTests.swift; sourceTree = "<group>"; };
		E393D8D9937DA1CFFF018112 /* Assets.xcassets */ = {isa = PBXFileReference; lastKnownFileType = folder.assetcatalog; path = Assets.xcassets; sourceTree = "<group>"; };
		ED79C3BE0E7A22A4D1E28B71 /* GroTask.app */ = {isa = PBXFileReference; explicitFileType = wrapper.application; includeInIndex = 0; path = GroTask.app; sourceTree = BUILT_PRODUCTS_DIR; };
		F9D4462948A6E5A082B30489 /* GroTask.xcdatamodel */ = {isa = PBXFileReference; lastKnownFileType = wrapper.xcdatamodel; path = GroTask.xcdatamodel; sourceTree = "<group>"; };
/* End PBXFileReference section */

/* Begin PBXGroup section */
		2AB182F80E49216A07D227C7 /* macOS */ = {
			isa = PBXGroup;
			children = (
				C81785A94AA146C40B74A443 /* GroTask.entitlements */,
				987CDF5FEBF76393A6F009E7 /* GroTaskApp.swift */,
				3DE3F077CD6119E2333F36E7 /* Info.plist */,
				E799097E58E86CE1BCAA3DF9 /* Views */,
			);
			path = macOS;
			sourceTree = "<group>";
		};
		43B2D4B9A0EDD3A181BCB377 /* ViewModels */ = {
			isa = PBXGroup;
			children = (
				6A8827D1C32300857B3493AE /* TaskStore.swift */,
			);
			path = ViewModels;
			sourceTree = "<group>";
		};
		731F0AF78A66C07B1BA259C3 /* GroTaskTests */ = {
			isa = PBXGroup;
			children = (
				5143B0F47915EDF9F207340F /* PersistenceControllerTests.swift */,
				2141248232CADE602127871F /* TaskItemTests.swift */,
				DF51E471AB34D7C991846503 /* TaskStoreTests.swift */,
			);
			path = GroTaskTests;
			sourceTree = "<group>";
		};
		C13E1011C205E188E8297A76 = {
			isa = PBXGroup;
			children = (
				731F0AF78A66C07B1BA259C3 /* GroTaskTests */,
				2AB182F80E49216A07D227C7 /* macOS */,
				DC0008958E55FDF92B95E703 /* Shared */,
				E264CDDC6D94411158504DC7 /* Products */,
			);
			sourceTree = "<group>";
		};
		D06A3E41FF9D44A952BB4E6E /* Models */ = {
			isa = PBXGroup;
			children = (
				C84904FC4FD60834E858CFE2 /* TaskItem.swift */,
			);
			path = Models;
			sourceTree = "<group>";
		};
		DC0008958E55FDF92B95E703 /* Shared */ = {
			isa = PBXGroup;
			children = (
				E393D8D9937DA1CFFF018112 /* Assets.xcassets */,
				D06A3E41FF9D44A952BB4E6E /* Models */,
				FA29D309337AD1148CF52EF6 /* Persistence */,
				43B2D4B9A0EDD3A181BCB377 /* ViewModels */,
			);
			path = Shared;
			sourceTree = "<group>";
		};
		E264CDDC6D94411158504DC7 /* Products */ = {
			isa = PBXGroup;
			children = (
				ED79C3BE0E7A22A4D1E28B71 /* GroTask.app */,
				5A0CA729E53B118C5BDEC4E4 /* GroTaskTests.xctest */,
			);
			name = Products;
			sourceTree = "<group>";
		};
		E799097E58E86CE1BCAA3DF9 /* Views */ = {
			isa = PBXGroup;
			children = (
				6779C46C9A5F55D32464EF53 /* FloatingPanel.swift */,
				7F33CA493759F38D7DDBA11C /* TaskPopoverView.swift */,
				997CC809292CBE298873BED7 /* TaskRowView.swift */,
			);
			path = Views;
			sourceTree = "<group>";
		};
		FA29D309337AD1148CF52EF6 /* Persistence */ = {
			isa = PBXGroup;
			children = (
				D2A92B7A69EAAF6122D71611 /* GroTask.xcdatamodeld */,
				38986F812FFD0CDDD8448612 /* PersistenceController.swift */,
				B14A231275670B1AA533834C /* TaskItemEntity.swift */,
			);
			path = Persistence;
			sourceTree = "<group>";
		};
/* End PBXGroup section */

/* Begin PBXNativeTarget section */
		2A66F0F0530D2B2414E8CF94 /* GroTask */ = {
			isa = PBXNativeTarget;
			buildConfigurationList = 5813AD45705C55E01D6E7C6C /* Build configuration list for PBXNativeTarget "GroTask" */;
			buildPhases = (
				ACD53E957C0C644AB6CF77A4 /* Sources */,
				F289D85551FD4F866A7A5156 /* Resources */,
			);
			buildRules = (
			);
			dependencies = (
			);
			name = GroTask;
			packageProductDependencies = (
			);
			productName = GroTask;
			productReference = ED79C3BE0E7A22A4D1E28B71 /* GroTask.app */;
			productType = "com.apple.product-type.application";
		};
		61D24765E1E3FD83C2656C84 /* GroTaskTests */ = {
			isa = PBXNativeTarget;
			buildConfigurationList = 8CBB5DC27AD4CC1241FB9F75 /* Build configuration list for PBXNativeTarget "GroTaskTests" */;
			buildPhases = (
				3F2EA42E027F20CB69095946 /* Sources */,
			);
			buildRules = (
			);
			dependencies = (
				2F2FA8ED4C0C206F3536918F /* PBXTargetDependency */,
			);
			name = GroTaskTests;
			packageProductDependencies = (
			);
			productName = GroTaskTests;
			productReference = 5A0CA729E53B118C5BDEC4E4 /* GroTaskTests.xctest */;
			productType = "com.apple.product-type.bundle.unit-test";
		};
/* End PBXNativeTarget section */

/* Begin PBXProject section */
		27EBD471BAEFEA73C3439FDA /* Project object */ = {
			isa = PBXProject;
			attributes = {
				BuildIndependentTargetsInParallel = YES;
				LastUpgradeCheck = 1500;
			};
			buildConfigurationList = EB1367A8AEDBD3E5D70F2132 /* Build configuration list for PBXProject "GroTask" */;
			compatibilityVersion = "Xcode 14.0";
			developmentRegion = en;
			hasScannedForEncodings = 0;
			knownRegions = (
				Base,
				en,
			);
			mainGroup = C13E1011C205E188E8297A76;
			minimizedProjectReferenceProxies = 1;
			preferredProjectObjectVersion = 77;
			projectDirPath = "";
			projectRoot = "";
			targets = (
				2A66F0F0530D2B2414E8CF94 /* GroTask */,
				61D24765E1E3FD83C2656C84 /* GroTaskTests */,
			);
		};
/* End PBXProject section */

/* Begin PBXResourcesBuildPhase section */
		F289D85551FD4F866A7A5156 /* Resources */ = {
			isa = PBXResourcesBuildPhase;
			buildActionMask = 2147483647;
			files = (
				3C28BE3C5973837A19537538 /* Assets.xcassets in Resources */,
			);
			runOnlyForDeploymentPostprocessing = 0;
		};
/* End PBXResourcesBuildPhase section */

/* Begin PBXSourcesBuildPhase section */
		3F2EA42E027F20CB69095946 /* Sources */ = {
			isa = PBXSourcesBuildPhase;
			buildActionMask = 2147483647;
			files = (
				CE3A7FCC58984CE486357C66 /* PersistenceControllerTests.swift in Sources */,
				6A6655A85E514F694CDC6BDF /* TaskItemTests.swift in Sources */,
				654D47EFFBDED3E0B41FB273 /* TaskStoreTests.swift in Sources */,
			);
			runOnlyForDeploymentPostprocessing = 0;
		};
		ACD53E957C0C644AB6CF77A4 /* Sources */ = {
			isa = PBXSourcesBuildPhase;
			buildActionMask = 2147483647;
			files = (
				1FCB5578257954D69BAD9B08 /* FloatingPanel.swift in Sources */,
				4C4DCE848364F91095F115C6 /* GroTask.xcdatamodeld in Sources */,
				31F031F14514DDD10F7D3D1B /* GroTaskApp.swift in Sources */,
				7B2F81D811A887596C731799 /* PersistenceController.swift in Sources */,
				01744395373BF734FD123285 /* TaskItem.swift in Sources */,
				AEF04906BDC6E7B5605A3EA9 /* TaskItemEntity.swift in Sources */,
				46AFEBAAD5EB9C3616DFF268 /* TaskPopoverView.swift in Sources */,
				5BFEEF475586ADACFF12E364 /* TaskRowView.swift in Sources */,
				4D323EA46F760123F4A1309A /* TaskStore.swift in Sources */,
			);
			runOnlyForDeploymentPostprocessing = 0;
		};
/* End PBXSourcesBuildPhase section */

/* Begin PBXTargetDependency section */
		2F2FA8ED4C0C206F3536918F /* PBXTargetDependency */ = {
			isa = PBXTargetDependency;
			target = 2A66F0F0530D2B2414E8CF94 /* GroTask */;
			targetProxy = 8B5C54B51B464436B713224B /* PBXContainerItemProxy */;
		};
/* End PBXTargetDependency section */

/* Begin XCBuildConfiguration section */
		1F9C1EE1101505471530155C /* Release */ = {
			isa = XCBuildConfiguration;
			buildSettings = {
				BUNDLE_LOADER = "$(TEST_HOST)";
				COMBINE_HIDPI_IMAGES = YES;
				GENERATE_INFOPLIST_FILE = YES;
				LD_RUNPATH_SEARCH_PATHS = (
					"$(inherited)",
					"@executable_path/../Frameworks",
					"@loader_path/../Frameworks",
				);
				PRODUCT_BUNDLE_IDENTIFIER = com.grotask.tests;
				SDKROOT = macosx;
				TEST_HOST = "$(BUILT_PRODUCTS_DIR)/GroTask.app/Contents/MacOS/GroTask";
			};
			name = Release;
		};
		280898454F312759E3EC0C35 /* Debug */ = {
			isa = XCBuildConfiguration;
			buildSettings = {
				ASSETCATALOG_COMPILER_APPICON_NAME = AppIcon;
				CODE_SIGN_ENTITLEMENTS = macOS/GroTask.entitlements;
				COMBINE_HIDPI_IMAGES = YES;
				CURRENT_PROJECT_VERSION = 1;
				INFOPLIST_FILE = macOS/Info.plist;
				LD_RUNPATH_SEARCH_PATHS = (
					"$(inherited)",
					"@executable_path/../Frameworks",
				);
				MARKETING_VERSION = 1.0.0;
				PRODUCT_BUNDLE_IDENTIFIER = com.grotask.app;
				PRODUCT_NAME = GroTask;
				SDKROOT = macosx;
			};
			name = Debug;
		};
		297B1D17BB45AA23A0CA335D /* Release */ = {
			isa = XCBuildConfiguration;
			buildSettings = {
				ASSETCATALOG_COMPILER_APPICON_NAME = AppIcon;
				CODE_SIGN_ENTITLEMENTS = macOS/GroTask.entitlements;
				COMBINE_HIDPI_IMAGES = YES;
				CURRENT_PROJECT_VERSION = 1;
				INFOPLIST_FILE = macOS/Info.plist;
				LD_RUNPATH_SEARCH_PATHS = (
					"$(inherited)",
					"@executable_path/../Frameworks",
				);
				MARKETING_VERSION = 1.0.0;
				PRODUCT_BUNDLE_IDENTIFIER = com.grotask.app;
				PRODUCT_NAME = GroTask;
				SDKROOT = macosx;
			};
			name = Release;
		};
		33CBB11BE24AAF1ECFFF07B0 /* Release */ = {
			isa = XCBuildConfiguration;
			buildSettings = {
				ALWAYS_SEARCH_USER_PATHS = NO;
				CLANG_ANALYZER_NONNULL = YES;
				CLANG_ANALYZER_NUMBER_OBJECT_CONVERSION = YES_AGGRESSIVE;
				CLANG_CXX_LANGUAGE_STANDARD = "gnu++14";
				CLANG_CXX_LIBRARY = "libc++";
				CLANG_ENABLE_MODULES = YES;
				CLANG_ENABLE_OBJC_ARC = YES;
				CLANG_ENABLE_OBJC_WEAK = YES;
				CLANG_WARN_BLOCK_CAPTURE_AUTORELEASING = YES;
				CLANG_WARN_BOOL_CONVERSION = YES;
				CLANG_WARN_COMMA = YES;
				CLANG_WARN_CONSTANT_CONVERSION = YES;
				CLANG_WARN_DEPRECATED_OBJC_IMPLEMENTATIONS = YES;
				CLANG_WARN_DIRECT_OBJC_ISA_USAGE = YES_ERROR;
				CLANG_WARN_DOCUMENTATION_COMMENTS = YES;
				CLANG_WARN_EMPTY_BODY = YES;
				CLANG_WARN_ENUM_CONVERSION = YES;
				CLANG_WARN_INFINITE_RECURSION = YES;
				CLANG_WARN_INT_CONVERSION = YES;
				CLANG_WARN_NON_LITERAL_NULL_CONVERSION = YES;
				CLANG_WARN_OBJC_IMPLICIT_RETAIN_SELF = YES;
				CLANG_WARN_OBJC_LITERAL_CONVERSION = YES;
				CLANG_WARN_OBJC_ROOT_CLASS = YES_ERROR;
				CLANG_WARN_QUOTED_INCLUDE_IN_FRAMEWORK_HEADER = YES;
				CLANG_WARN_RANGE_LOOP_ANALYSIS = YES;
				CLANG_WARN_STRICT_PROTOTYPES = YES;
				CLANG_WARN_SUSPICIOUS_MOVE = YES;
				CLANG_WARN_UNGUARDED_AVAILABILITY = YES_AGGRESSIVE;
				CLANG_WARN_UNREACHABLE_CODE = YES;
				CLANG_WARN__DUPLICATE_METHOD_MATCH = YES;
				COPY_PHASE_STRIP = NO;
				DEBUG_INFORMATION_FORMAT = "dwarf-with-dsym";
				ENABLE_NS_ASSERTIONS = NO;
				ENABLE_STRICT_OBJC_MSGSEND = YES;
				GCC_C_LANGUAGE_STANDARD = gnu11;
				GCC_NO_COMMON_BLOCKS = YES;
				GCC_WARN_64_TO_32_BIT_CONVERSION = YES;
				GCC_WARN_ABOUT_RETURN_TYPE = YES_ERROR;
				GCC_WARN_UNDECLARED_SELECTOR = YES;
				GCC_WARN_UNINITIALIZED_AUTOS = YES_AGGRESSIVE;
				GCC_WARN_UNUSED_FUNCTION = YES;
				GCC_WARN_UNUSED_VARIABLE = YES;
				MACOSX_DEPLOYMENT_TARGET = 15.0;
				MTL_ENABLE_DEBUG_INFO = NO;
				MTL_FAST_MATH = YES;
				PRODUCT_NAME = "$(TARGET_NAME)";
				SDKROOT = macosx;
				SWIFT_COMPILATION_MODE = wholemodule;
				SWIFT_OPTIMIZATION_LEVEL = "-O";
				SWIFT_VERSION = 5.9;
			};
			name = Release;
		};
		4DEA985456EA7FC138F139BA /* Debug */ = {
			isa = XCBuildConfiguration;
			buildSettings = {
				BUNDLE_LOADER = "$(TEST_HOST)";
				COMBINE_HIDPI_IMAGES = YES;
				GENERATE_INFOPLIST_FILE = YES;
				LD_RUNPATH_SEARCH_PATHS = (
					"$(inherited)",
					"@executable_path/../Frameworks",
					"@loader_path/../Frameworks",
				);
				PRODUCT_BUNDLE_IDENTIFIER = com.grotask.tests;
				SDKROOT = macosx;
				TEST_HOST = "$(BUILT_PRODUCTS_DIR)/GroTask.app/Contents/MacOS/GroTask";
			};
			name = Debug;
		};
		CBC961B16D007474CF34E329 /* Debug */ = {
			isa = XCBuildConfiguration;
			buildSettings = {
				ALWAYS_SEARCH_USER_PATHS = NO;
				CLANG_ANALYZER_NONNULL = YES;
				CLANG_ANALYZER_NUMBER_OBJECT_CONVERSION = YES_AGGRESSIVE;
				CLANG_CXX_LANGUAGE_STANDARD = "gnu++14";
				CLANG_CXX_LIBRARY = "libc++";
				CLANG_ENABLE_MODULES = YES;
				CLANG_ENABLE_OBJC_ARC = YES;
				CLANG_ENABLE_OBJC_WEAK = YES;
				CLANG_WARN_BLOCK_CAPTURE_AUTORELEASING = YES;
				CLANG_WARN_BOOL_CONVERSION = YES;
				CLANG_WARN_COMMA = YES;
				CLANG_WARN_CONSTANT_CONVERSION = YES;
				CLANG_WARN_DEPRECATED_OBJC_IMPLEMENTATIONS = YES;
				CLANG_WARN_DIRECT_OBJC_ISA_USAGE = YES_ERROR;
				CLANG_WARN_DOCUMENTATION_COMMENTS = YES;
				CLANG_WARN_EMPTY_BODY = YES;
				CLANG_WARN_ENUM_CONVERSION = YES;
				CLANG_WARN_INFINITE_RECURSION = YES;
				CLANG_WARN_INT_CONVERSION = YES;
				CLANG_WARN_NON_LITERAL_NULL_CONVERSION = YES;
				CLANG_WARN_OBJC_IMPLICIT_RETAIN_SELF = YES;
				CLANG_WARN_OBJC_LITERAL_CONVERSION = YES;
				CLANG_WARN_OBJC_ROOT_CLASS = YES_ERROR;
				CLANG_WARN_QUOTED_INCLUDE_IN_FRAMEWORK_HEADER = YES;
				CLANG_WARN_RANGE_LOOP_ANALYSIS = YES;
				CLANG_WARN_STRICT_PROTOTYPES = YES;
				CLANG_WARN_SUSPICIOUS_MOVE = YES;
				CLANG_WARN_UNGUARDED_AVAILABILITY = YES_AGGRESSIVE;
				CLANG_WARN_UNREACHABLE_CODE = YES;
				CLANG_WARN__DUPLICATE_METHOD_MATCH = YES;
				COPY_PHASE_STRIP = NO;
				DEBUG_INFORMATION_FORMAT = dwarf;
				ENABLE_STRICT_OBJC_MSGSEND = YES;
				ENABLE_TESTABILITY = YES;
				GCC_C_LANGUAGE_STANDARD = gnu11;
				GCC_DYNAMIC_NO_PIC = NO;
				GCC_NO_COMMON_BLOCKS = YES;
				GCC_OPTIMIZATION_LEVEL = 0;
				GCC_PREPROCESSOR_DEFINITIONS = (
					"$(inherited)",
					"DEBUG=1",
				);
				GCC_WARN_64_TO_32_BIT_CONVERSION = YES;
				GCC_WARN_ABOUT_RETURN_TYPE = YES_ERROR;
				GCC_WARN_UNDECLARED_SELECTOR = YES;
				GCC_WARN_UNINITIALIZED_AUTOS = YES_AGGRESSIVE;
				GCC_WARN_UNUSED_FUNCTION = YES;
				GCC_WARN_UNUSED_VARIABLE = YES;
				MACOSX_DEPLOYMENT_TARGET = 15.0;
				MTL_ENABLE_DEBUG_INFO = INCLUDE_SOURCE;
				MTL_FAST_MATH = YES;
				ONLY_ACTIVE_ARCH = YES;
				PRODUCT_NAME = "$(TARGET_NAME)";
				SDKROOT = macosx;
				SWIFT_ACTIVE_COMPILATION_CONDITIONS = DEBUG;
				SWIFT_OPTIMIZATION_LEVEL = "-Onone";
				SWIFT_VERSION = 5.9;
			};
			name = Debug;
		};
/* End XCBuildConfiguration section */

/* Begin XCConfigurationList section */
		5813AD45705C55E01D6E7C6C /* Build configuration list for PBXNativeTarget "GroTask" */ = {
			isa = XCConfigurationList;
			buildConfigurations = (
				280898454F312759E3EC0C35 /* Debug */,
				297B1D17BB45AA23A0CA335D /* Release */,
			);
			defaultConfigurationIsVisible = 0;
			defaultConfigurationName = Debug;
		};
		8CBB5DC27AD4CC1241FB9F75 /* Build configuration list for PBXNativeTarget "GroTaskTests" */ = {
			isa = XCConfigurationList;
			buildConfigurations = (
				4DEA985456EA7FC138F139BA /* Debug */,
				1F9C1EE1101505471530155C /* Release */,
			);
			defaultConfigurationIsVisible = 0;
			defaultConfigurationName = Debug;
		};
		EB1367A8AEDBD3E5D70F2132 /* Build configuration list for PBXProject "GroTask" */ = {
			isa = XCConfigurationList;
			buildConfigurations = (
				CBC961B16D007474CF34E329 /* Debug */,
				33CBB11BE24AAF1ECFFF07B0 /* Release */,
			);
			defaultConfigurationIsVisible = 0;
			defaultConfigurationName = Debug;
		};
/* End XCConfigurationList section */

/* Begin XCVersionGroup section */
		D2A92B7A69EAAF6122D71611 /* GroTask.xcdatamodeld */ = {
			isa = XCVersionGroup;
			children = (
				F9D4462948A6E5A082B30489 /* GroTask.xcdatamodel */,
			);
			currentVersion = F9D4462948A6E5A082B30489 /* GroTask.xcdatamodel */;
			path = GroTask.xcdatamodeld;
			sourceTree = "<group>";
			versionGroupType = wrapper.xcdatamodel;
		};
/* End XCVersionGroup section */
	};
	rootObject = 27EBD471BAEFEA73C3439FDA /* Project object */;
}
